# Generated by conda-lock.
# platform: linux-64
# input_hash: 98a4801aafacb13b98a04850d749d850a6ee57bf6f26506db814286373f2ebaf
@EXPLICIT
https://conda.anaconda.org/conda-forge/linux-64/_libgcc_mutex-0.1-conda_forge.tar.bz2#d7c89558ba9fa0495403155b64376d81
https://conda.anaconda.org/conda-forge/linux-64/libopentelemetry-cpp-headers-1.21.0-ha770c72_1.conda#9e298d76f543deb06eb0f3413675e13a
https://conda.anaconda.org/conda-forge/linux-64/nlohmann_json-3.12.0-h3f2d84a_0.conda#d76872d096d063e226482c99337209dc
https://conda.anaconda.org/conda-forge/noarch/nomkl-1.0-h5ca1d4c_0.tar.bz2#9a66894dfd07c4510beb6b3f9672ccc0
https://conda.anaconda.org/conda-forge/noarch/python_abi-3.13-8_cp313.conda#94305520c52a4aa3f6c2b1ff6008d9f8
https://conda.anaconda.org/conda-forge/noarch/tzdata-2025b-h78e105d_0.conda#4222072737ccff51314b5ece9c7d6f5a
https://conda.anaconda.org/conda-forge/noarch/ca-certificates-2025.8.3-hbd8a1cb_0.conda#74784ee3d225fc3dca89edb635b4e5cc
https://conda.anaconda.org/conda-forge/linux-64/ld_impl_linux-64-2.44-h1423503_1.conda#0be7c6e070c19105f966d3758448d018
https://conda.anaconda.org/conda-forge/linux-64/libgomp-15.1.0-h767d61c_5.conda#dcd5ff1940cd38f6df777cac86819d60
https://conda.anaconda.org/conda-forge/linux-64/_openmp_mutex-4.5-2_gnu.tar.bz2#73aaf86a425cc6e73fcf236a5a46396d
https://conda.anaconda.org/conda-forge/linux-64/libgcc-15.1.0-h767d61c_5.conda#264fbfba7fb20acf3b29cde153e345ce
https://conda.anaconda.org/conda-forge/linux-64/attr-2.5.2-h39aace5_0.conda#791365c5f65975051e4e017b5da3abf5
https://conda.anaconda.org/conda-forge/linux-64/aws-c-common-0.12.4-hb03c661_0.conda#ae5621814cb99642c9308977fe90ed0d
https://conda.anaconda.org/conda-forge/linux-64/bzip2-1.0.8-hda65f42_8.conda#51a19bba1b8ebfb60df25cde030b7ebc
https://conda.anaconda.org/conda-forge/linux-64/c-ares-1.34.5-hb9d3cd8_0.conda#f7f0d6cc2dc986d42ac2689ec88192be
https://conda.anaconda.org/conda-forge/linux-64/keyutils-1.6.3-hb9d3cd8_0.conda#b38117a3c920364aff79f870c984b4a3
https://conda.anaconda.org/conda-forge/linux-64/libbrotlicommon-1.1.0-hb03c661_4.conda#1d29d2e33fe59954af82ef54a8af3fe1
https://conda.anaconda.org/conda-forge/linux-64/libexpat-2.7.1-hecca717_0.conda#4211416ecba1866fab0c6470986c22d6
https://conda.anaconda.org/conda-forge/linux-64/libffi-3.4.6-h2dba641_1.conda#ede4673863426c0883c0063d853bbd85
https://conda.anaconda.org/conda-forge/linux-64/libgcc-ng-15.1.0-h69a702a_5.conda#069afdf8ea72504e48d23ae1171d951c
https://conda.anaconda.org/conda-forge/linux-64/libgfortran5-15.1.0-hcea5267_5.conda#fbd4008644add05032b6764807ee2cba
https://conda.anaconda.org/conda-forge/linux-64/libiconv-1.18-h3b78370_2.conda#915f5995e94f60e9a4826e0b0920ee88
https://conda.anaconda.org/conda-forge/linux-64/libjpeg-turbo-3.1.0-hb9d3cd8_0.conda#9fa334557db9f63da6c9285fd2a48638
https://conda.anaconda.org/conda-forge/linux-64/liblzma-5.8.1-hb9d3cd8_2.conda#1a580f7796c7bf6393fddb8bbbde58dc
https://conda.anaconda.org/conda-forge/linux-64/libmpdec-4.0.0-hb9d3cd8_0.conda#c7e925f37e3b40d893459e625f6a53f1
https://conda.anaconda.org/conda-forge/linux-64/libstdcxx-15.1.0-h8f9b012_5.conda#4e02a49aaa9d5190cb630fa43528fbe6
https://conda.anaconda.org/conda-forge/linux-64/libutf8proc-2.11.0-hb04c3b8_0.conda#34fb73fd2d5a613d8f17ce2eaa15a8a5
https://conda.anaconda.org/conda-forge/linux-64/libuuid-2.41.1-he9a06e4_0.conda#af930c65e9a79a3423d6d36e265cef65
https://conda.anaconda.org/conda-forge/linux-64/libzlib-1.3.1-hb9d3cd8_2.conda#edb0dca6bc32e4f4789199455a1dbeb8
https://conda.anaconda.org/conda-forge/linux-64/ncurses-6.5-h2d0b736_3.conda#47e340acb35de30501a76c7c799c41d7
https://conda.anaconda.org/conda-forge/linux-64/openssl-3.5.3-h26f9b46_0.conda#72b3dd72e4f0b88cdacf3421313480f0
https://conda.anaconda.org/conda-forge/linux-64/yaml-0.2.5-h280c20c_3.conda#a77f85f77be52ff59391544bfe73390a
https://conda.anaconda.org/conda-forge/linux-64/aws-c-cal-0.9.2-he7b75e1_1.conda#c04d1312e7feec369308d656c18e7f3e
https://conda.anaconda.org/conda-forge/linux-64/aws-c-compression-0.3.1-h92c474e_6.conda#3490e744cb8b9d5a3b9785839d618a17
https://conda.anaconda.org/conda-forge/linux-64/aws-c-sdkutils-0.2.4-h92c474e_1.conda#4ab554b102065910f098f88b40163835
https://conda.anaconda.org/conda-forge/linux-64/aws-checksums-0.2.7-h92c474e_2.conda#248831703050fe9a5b2680a7589fdba9
https://conda.anaconda.org/conda-forge/linux-64/gflags-2.2.2-h5888daf_1005.conda#d411fc29e338efb48c5fd4576d71d881
https://conda.anaconda.org/conda-forge/linux-64/libabseil-20250512.1-cxx17_hba17884_0.conda#83b160d4da3e1e847bf044997621ed63
https://conda.anaconda.org/conda-forge/linux-64/libaec-1.1.4-h3f801dc_0.conda#01ba04e414e47f95c03d6ddd81fd37be
https://conda.anaconda.org/conda-forge/linux-64/libbrotlidec-1.1.0-hb03c661_4.conda#5cb5a1c9a94a78f5b23684bcb845338d
https://conda.anaconda.org/conda-forge/linux-64/libbrotlienc-1.1.0-hb03c661_4.conda#2e55011fa483edb8bfe3fd92e860cd79
https://conda.anaconda.org/conda-forge/linux-64/libedit-3.1.20250104-pl5321h7949ede_0.conda#c277e0a4d549b03ac1e9d6cbbe3d017b
https://conda.anaconda.org/conda-forge/linux-64/libev-4.33-hd590300_2.conda#172bf1cd1ff8629f2b1179945ed45055
https://conda.anaconda.org/conda-forge/linux-64/libevent-2.1.12-hf998b51_1.conda#a1cfcc585f0c42bf8d5546bb1dfb668d
https://conda.anaconda.org/conda-forge/linux-64/libgfortran-15.1.0-h69a702a_5.conda#0c91408b3dec0b97e8a3c694845bd63b
https://conda.anaconda.org/conda-forge/linux-64/libsqlite-3.50.4-h0c1763c_0.conda#0b367fad34931cb79e0d6b7e5c06bb1c
https://conda.anaconda.org/conda-forge/linux-64/libssh2-1.11.1-hcf80075_0.conda#eecce068c7e4eddeb169591baac20ac4
https://conda.anaconda.org/conda-forge/linux-64/libstdcxx-ng-15.1.0-h4852527_5.conda#8bba50c7f4679f08c861b597ad2bda6b
https://conda.anaconda.org/conda-forge/linux-64/libzip-1.11.2-h6991a6a_0.conda#a7b27c075c9b7f459f1c022090697cba
https://conda.anaconda.org/conda-forge/linux-64/lz4-c-1.10.0-h5888daf_1.conda#9de5350a85c4a20c685259b889aa6393
https://conda.anaconda.org/conda-forge/linux-64/readline-8.2-h8c095d6_2.conda#283b96675859b20a825f8fa30f311446
https://conda.anaconda.org/conda-forge/linux-64/s2n-1.5.23-h8e187f5_0.conda#edd15d7a5914dc1d87617a2b7c582d23
https://conda.anaconda.org/conda-forge/linux-64/snappy-1.2.2-h03e3b7b_0.conda#3d8da0248bdae970b4ade636a104b7f5
https://conda.anaconda.org/conda-forge/linux-64/tk-8.6.13-noxft_hd72426e_102.conda#a0116df4f4ed05c303811a837d5b39d8
https://conda.anaconda.org/conda-forge/linux-64/zlib-1.3.1-hb9d3cd8_2.conda#c9f075ab2f33b3bbee9e62d4ad0a6cd8
https://conda.anaconda.org/conda-forge/linux-64/zstd-1.5.7-hb8e6e7a_2.conda#6432cb5d4ac0046c3ac0a8a0f95842f9
https://conda.anaconda.org/conda-forge/linux-64/aws-c-io-0.21.2-h6252d9a_1.conda#cf5e9b21384fdb75b15faf397551c247
https://conda.anaconda.org/conda-forge/linux-64/blosc-1.21.6-he440d0b_1.conda#2c2fae981fd2afd00812c92ac47d023d
https://conda.anaconda.org/conda-forge/linux-64/glog-0.7.1-hbabe93e_0.conda#ff862eebdfeb2fd048ae9dc92510baca
https://conda.anaconda.org/conda-forge/linux-64/hdf4-4.2.15-h2a13503_7.conda#bd77f8da987968ec3927990495dc22e4
https://conda.anaconda.org/conda-forge/linux-64/icu-75.1-he02047a_0.conda#8b189310083baabfb622af68fd9d3ae3
https://conda.anaconda.org/conda-forge/linux-64/krb5-1.21.3-h659f571_0.conda#3f43953b7d3fb3aaa1d0d0723d91e368
https://conda.anaconda.org/conda-forge/linux-64/libcrc32c-1.1.2-h9c3ff4c_0.tar.bz2#c965a5aa0d5c1c37ffc62dff36e28400
https://conda.anaconda.org/conda-forge/linux-64/libnghttp2-1.67.0-had1ee68_0.conda#b499ce4b026493a13774bcf0f4c33849
https://conda.anaconda.org/conda-forge/linux-64/libopenblas-0.3.30-pthreads_h94d23a6_2.conda#dfc5aae7b043d9f56ba99514d5e60625
https://conda.anaconda.org/conda-forge/linux-64/libprotobuf-6.31.1-h9ef548d_1.conda#b92e2a26764fcadb4304add7e698ccf2
https://conda.anaconda.org/conda-forge/linux-64/libre2-11-2025.08.12-h7b12aa8_1.conda#0a801dabf8776bb86b12091d2f99377e
https://conda.anaconda.org/conda-forge/linux-64/libthrift-0.22.0-h454ac66_1.conda#8ed82d90e6b1686f5e98f8b7825a15ef
https://conda.anaconda.org/conda-forge/linux-64/python-3.13.7-h2b335a9_100_cp313.conda#724dcf9960e933838247971da07fe5cf
https://conda.anaconda.org/conda-forge/linux-64/aws-c-event-stream-0.5.5-h149bd38_3.conda#f9bff8c2a205ee0f28b0c61dad849a98
https://conda.anaconda.org/conda-forge/linux-64/aws-c-http-0.10.4-h37a7233_0.conda#d828cb0be64d51e27eebe354a2907a98
https://conda.anaconda.org/conda-forge/linux-64/brotli-python-1.1.0-py313h7033f15_4.conda#bc8624c405856b1d047dd0a81829b08c
https://conda.anaconda.org/conda-forge/noarch/certifi-2025.8.3-pyhd8ed1ab_0.conda#11f59985f49df4620890f3e746ed7102
https://conda.anaconda.org/conda-forge/noarch/click-8.2.1-pyh707e725_0.conda#94b550b8d3a614dbd326af798c7dfb40
https://conda.anaconda.org/conda-forge/noarch/cloudpickle-3.1.1-pyhd8ed1ab_0.conda#364ba6c9fb03886ac979b482f39ebb92
https://conda.anaconda.org/conda-forge/linux-64/crc32c-2.7.1-py313h54dd161_2.conda#1b52ef3cbbb8a4108c78c7a73fe31450
https://conda.anaconda.org/conda-forge/noarch/fsspec-2025.9.0-pyhd8ed1ab_0.conda#76f492bd8ba8a0fb80ffe16fc1a75b3b
https://conda.anaconda.org/conda-forge/noarch/hpack-4.1.0-pyhd8ed1ab_0.conda#0a802cb9888dd14eeefc611f05c40b6e
https://conda.anaconda.org/conda-forge/noarch/hyperframe-6.1.0-pyhd8ed1ab_0.conda#8e6923fc12f1fe8f8c4e5c9f343256ac
https://conda.anaconda.org/conda-forge/linux-64/libblas-3.9.0-35_h4a7cf45_openblas.conda#6da7e852c812a84096b68158574398d0
https://conda.anaconda.org/conda-forge/linux-64/libcurl-8.14.1-h332b0f4_0.conda#45f6713cb00f124af300342512219182
https://conda.anaconda.org/conda-forge/linux-64/libxml2-16-2.15.0-ha9997c6_0.conda#84bed2bfefc14e4878bd16979782e522
https://conda.anaconda.org/conda-forge/linux-64/llvmlite-0.44.0-py313hfdae721_2.conda#dd0d7947635c0c524608eab7db55dcc9
https://conda.anaconda.org/conda-forge/noarch/locket-1.0.0-pyhd8ed1ab_0.tar.bz2#91e27ef3d05cc772ce627e51cff111c4
https://conda.anaconda.org/conda-forge/linux-64/markupsafe-3.0.2-py313h8060acc_1.conda#21b62c55924f01b6eef6827167b46acb
https://conda.anaconda.org/conda-forge/linux-64/msgpack-python-1.1.1-py313h7037e92_1.conda#cc41d40a7ec345da56c496767d4bb61b
https://conda.anaconda.org/conda-forge/noarch/opt_einsum-3.4.0-pyhd8ed1ab_1.conda#52919815cd35c4e1a0298af658ccda04
https://conda.anaconda.org/conda-forge/linux-64/orc-2.2.0-h1bc01a4_0.conda#53ab33c0b0ba995d2546e54b2160f3fd
https://conda.anaconda.org/conda-forge/noarch/packaging-25.0-pyh29332c3_1.conda#58335b26c38bf4a20f399384c33cbcf9
https://conda.anaconda.org/conda-forge/linux-64/psutil-7.0.0-py313h07c4f96_1.conda#5a7c24c9dc49128731ae565cf598cde4
https://conda.anaconda.org/conda-forge/noarch/pycparser-2.22-pyh29332c3_1.conda#12c566707c80111f9799308d9e265aef
https://conda.anaconda.org/conda-forge/noarch/pysocks-1.7.1-pyha55dd90_7.conda#461219d1a5bd61342293efa2c0c90eac
https://conda.anaconda.org/conda-forge/noarch/python-tzdata-2025.2-pyhd8ed1ab_0.conda#88476ae6ebd24f39261e0854ac244f33
https://conda.anaconda.org/conda-forge/noarch/pytz-2025.2-pyhd8ed1ab_0.conda#bc8e3267d44011051f2eb14d22fb0960
https://conda.anaconda.org/conda-forge/linux-64/pyyaml-6.0.2-py313h8060acc_2.conda#50992ba61a8a1f8c2d346168ae1c86df
https://conda.anaconda.org/conda-forge/linux-64/re2-2025.08.12-h5301d42_1.conda#4637c13ff87424af0f6a981ab6f5ffa5
https://conda.anaconda.org/conda-forge/noarch/six-1.17.0-pyhe01879c_1.conda#3339e3b65d58accf4ca4fb8748ab16b3
https://conda.anaconda.org/conda-forge/noarch/sortedcontainers-2.4.0-pyhd8ed1ab_1.conda#0401a17ae845fa72c7210e206ec5647d
https://conda.anaconda.org/conda-forge/noarch/tblib-3.1.0-pyhd8ed1ab_0.conda#a15c62b8a306b8978f094f76da2f903f
https://conda.anaconda.org/conda-forge/noarch/toolz-1.0.0-pyhd8ed1ab_1.conda#40d0ed782a8aaa16ef248e68c06c168d
https://conda.anaconda.org/conda-forge/linux-64/tornado-6.5.2-py313h07c4f96_1.conda#45821154b9cb2fb63c2b354c76086954
https://conda.anaconda.org/conda-forge/noarch/typing_extensions-4.15.0-pyhcf101f3_0.conda#0caa1af407ecff61170c9437a808404d
https://conda.anaconda.org/conda-forge/linux-64/wrapt-1.17.3-py313h07c4f96_1.conda#c2662497e9a9ff2153753682f53989c9
https://conda.anaconda.org/conda-forge/noarch/zict-3.0.0-pyhd8ed1ab_1.conda#e52c2ef711ccf31bb7f70ca87d144b9e
https://conda.anaconda.org/conda-forge/noarch/zipp-3.23.0-pyhd8ed1ab_0.conda#df5e78d904988eb55042c0c97446079f
https://conda.anaconda.org/conda-forge/linux-64/aws-c-auth-0.9.0-h0fbd49f_19.conda#24139f2990e92effbeb374a0eb33fdb1
https://conda.anaconda.org/conda-forge/linux-64/aws-c-mqtt-0.13.3-h19deb91_3.conda#1680d64986f8263978c3624f677656c8
https://conda.anaconda.org/conda-forge/linux-64/azure-core-cpp-1.16.0-h3a458e0_1.conda#682cb082bbd998528c51f1e77d9ce415
https://conda.anaconda.org/conda-forge/linux-64/cffi-1.17.1-py313hf01b4d8_1.conda#c4a0f01c46bc155d205694bec57bd709
https://conda.anaconda.org/conda-forge/linux-64/cytoolz-1.0.1-py313h536fd9c_0.conda#e886bb6a3c24f8b9dd4fcd1d617a1f64
https://conda.anaconda.org/conda-forge/noarch/deprecated-1.2.18-pyhd8ed1ab_0.conda#0cef44b1754ae4d6924ac0eef6b9fdbe
https://conda.anaconda.org/conda-forge/noarch/donfig-0.8.1.post1-pyhd8ed1ab_1.conda#c56a7fa5597ad78b62e1f5d21f7f8b8f
https://conda.anaconda.org/conda-forge/noarch/h2-4.3.0-pyhcf101f3_0.conda#164fc43f0b53b6e3a7bc7dce5e4f1dc9
https://conda.anaconda.org/conda-forge/linux-64/hdf5-1.14.6-nompi_h6e4c0c1_103.conda#c74d83614aec66227ae5199d98852aaf
https://conda.anaconda.org/conda-forge/noarch/importlib-metadata-8.7.0-pyhe01879c_1.conda#63ccfdc3a3ce25b027b8767eb722fca8
https://conda.anaconda.org/conda-forge/noarch/jinja2-3.1.6-pyhd8ed1ab_0.conda#446bd6c8cb26050d528881df495ce646
https://conda.anaconda.org/conda-forge/linux-64/libcblas-3.9.0-35_h0358290_openblas.conda#8aa3389d36791ecd31602a247b1f3641
https://conda.anaconda.org/conda-forge/linux-64/libgrpc-1.73.1-h1e535eb_0.conda#8075d8550f773a17288c7ec2cf2f2d56
https://conda.anaconda.org/conda-forge/linux-64/liblapack-3.9.0-35_h47877c9_openblas.conda#aa0b36b71d44f74686f13b9bfabec891
https://conda.anaconda.org/conda-forge/linux-64/libxml2-2.15.0-h26afc86_0.conda#c52b54db4660b44ca75b6a61c533b9f5
https://conda.anaconda.org/conda-forge/noarch/partd-1.4.2-pyhd8ed1ab_0.conda#0badf9c54e24cecfb0ad2f99d680c163
https://conda.anaconda.org/conda-forge/linux-64/prometheus-cpp-1.3.0-ha5d0236_0.conda#a83f6a2fdc079e643237887a37460668
https://conda.anaconda.org/conda-forge/noarch/python-dateutil-2.9.0.post0-pyhe01879c_2.conda#5b8d21249ff20967101ffa321cab24e8
https://conda.anaconda.org/conda-forge/linux-64/aws-c-s3-0.8.6-h800fcd2_2.conda#50e0900a33add0c715f17648de6be786
https://conda.anaconda.org/conda-forge/linux-64/azure-identity-cpp-1.12.0-ha729027_0.conda#3dab8d6fa3d10fe4104f1fbe59c10176
https://conda.anaconda.org/conda-forge/linux-64/azure-storage-common-cpp-12.10.0-h4bb41a7_3.conda#1efaf34774bfb92ecf2fa8fa985b2752
https://conda.anaconda.org/conda-forge/noarch/dask-core-2025.9.1-pyhcf101f3_0.conda#c49de33395d775a92ea90e0cb34c3577
https://conda.anaconda.org/conda-forge/linux-64/libgoogle-cloud-2.39.0-hdb79228_0.conda#a2e30ccd49f753fd30de0d30b1569789
https://conda.anaconda.org/conda-forge/linux-64/libnetcdf-4.9.3-nompi_h11f7409_103.conda#3ccff1066c05a1e6c221356eecc40581
https://conda.anaconda.org/conda-forge/linux-64/libopentelemetry-cpp-1.21.0-hb9b0907_1.conda#1c0320794855f457dea27d35c4c71e23
https://conda.anaconda.org/conda-forge/linux-64/numpy-2.2.6-py313h17eae1a_0.conda#7a2d2f9adecd86ed5c29c2115354f615
https://conda.anaconda.org/conda-forge/linux-64/zstandard-0.25.0-py313h54dd161_0.conda#1fe43bd1fc86e22ad3eb0edec637f8a2
https://conda.anaconda.org/conda-forge/linux-64/aws-crt-cpp-0.33.1-hb4fd278_2.conda#81c545e27e527ca1be0cc04b74c20386
https://conda.anaconda.org/conda-forge/linux-64/azure-storage-blobs-cpp-12.14.0-hb1c9500_1.conda#30da390c211967189c58f83ab58a6f0c
https://conda.anaconda.org/conda-forge/linux-64/bottleneck-1.6.0-py313h29aa505_0.conda#02405ff909c10e59bf13527f8df3910c
https://conda.anaconda.org/conda-forge/linux-64/cftime-1.6.4-py313h29aa505_2.conda#1363e8db910e403edc8fd486f8470ec6
https://conda.anaconda.org/conda-forge/linux-64/libgoogle-cloud-storage-2.39.0-hdbdcf42_0.conda#bd21962ff8a9d1ce4720d42a35a4af40
https://conda.anaconda.org/conda-forge/linux-64/numba-0.61.2-py313h50b8c88_1.conda#53c79b7cdee329ed4c77cafe27600cdb
https://conda.anaconda.org/conda-forge/linux-64/numcodecs-0.16.1-py313h08cd8bf_1.conda#5c1c296392a81820e2332b3315f58b66
https://conda.anaconda.org/conda-forge/linux-64/numexpr-2.12.1-py313h24ae7f9_100.conda#8e5d3d84d8091537034c021420853613
https://conda.anaconda.org/conda-forge/noarch/numpy_groupies-0.11.3-pyhd8ed1ab_0.conda#5402c2b046432ceb2d192a82802e7854
https://conda.anaconda.org/conda-forge/linux-64/pandas-2.3.2-py313h08cd8bf_0.conda#5f4cc42e08d6d862b7b919a3c8959e0b
https://conda.anaconda.org/conda-forge/linux-64/scipy-1.16.2-py313h11c21cd_0.conda#85a80978a04be9c290b8fe6d9bccff1c
https://conda.anaconda.org/conda-forge/noarch/urllib3-2.5.0-pyhd8ed1ab_0.conda#436c165519e140cb08d246a4472a9d6a
https://conda.anaconda.org/conda-forge/linux-64/aws-sdk-cpp-1.11.606-h31ade35_1.conda#e33b3d2a2d44ba0fb35373d2343b71dd
https://conda.anaconda.org/conda-forge/linux-64/azure-storage-files-datalake-cpp-12.12.0-h8b27e44_3.conda#7b738aea4f1b8ae2d1118156ad3ae993
https://conda.anaconda.org/conda-forge/noarch/distributed-2025.9.1-pyhcf101f3_0.conda#f140b63da44c9a3fc7ae75cb9cc53c47
https://conda.anaconda.org/conda-forge/noarch/flox-0.10.6-pyhd8ed1ab_0.conda#40136da5d8e93ccbd406518154763fd9
https://conda.anaconda.org/conda-forge/linux-64/netcdf4-1.7.2-nompi_py313hfae5b86_104.conda#b6ddba788230a41a534cf288d41a1df4
https://conda.anaconda.org/conda-forge/noarch/numbagg-0.9.2-pyhd8ed1ab_0.conda#5e01f678d82477576cb4d56cc6e9357f
https://conda.anaconda.org/conda-forge/noarch/sparse-0.17.0-pyhcf101f3_0.conda#1b59de14a7e5888f939611e1fe329e00
https://conda.anaconda.org/conda-forge/noarch/zarr-3.1.2-pyhcf101f3_0.conda#2bdb3950ea64a365bfe9e6414e748a9b
https://conda.anaconda.org/conda-forge/linux-64/libarrow-21.0.0-hb708d0b_3_cpu.conda#2d0305c8802fcba095d8d4e14e66ed3b
https://conda.anaconda.org/conda-forge/linux-64/libarrow-compute-21.0.0-h8c2c5c3_3_cpu.conda#b0b73752adfcbe6b73ef9f2eb5d5cf03
https://conda.anaconda.org/conda-forge/linux-64/libparquet-21.0.0-h790f06f_3_cpu.conda#0568ba99a1f6c0ef7a04ca23dc78905a
https://conda.anaconda.org/conda-forge/linux-64/libarrow-acero-21.0.0-h635bf11_3_cpu.conda#12fe67afbd946adae49856b275478d0f
https://conda.anaconda.org/conda-forge/linux-64/pyarrow-core-21.0.0-py313he109ebe_0_cpu.conda#3018b7f30825c21c47a7a1e061459f96
https://conda.anaconda.org/conda-forge/linux-64/libarrow-dataset-21.0.0-h635bf11_3_cpu.conda#630dfffcaf67b800607164d4b5b08bf7
https://conda.anaconda.org/conda-forge/linux-64/libarrow-substrait-21.0.0-h3f74fd7_3_cpu.conda#595ca398ad8dcac76a315f358e3312a6
https://conda.anaconda.org/conda-forge/linux-64/pyarrow-21.0.0-py313h78bf25f_0.conda#1580ddd94606ccb60270877cb8838562
